{
  "name": "flp-processor",
  "version": "0.1.0-a",
  "lockfileVersion": 2,
  "requires": true,
  "packages": {
    "": {
      "name": "flp-processor",
      "version": "0.1.0-a",
      "license": "ISC",
      "dependencies": {
        "array-buffer-stream": "file:../array-buffer-stream/array-buffer-stream-0.1.0-a.tgz"
      },
      "devDependencies": {
        "typescript": "^5.2.2"
      }
    },
    "node_modules/array-buffer-stream": {
      "version": "0.1.0-a",
      "resolved": "file:../array-buffer-stream/array-buffer-stream-0.1.0-a.tgz",
      "integrity": "sha512-rDIqcgVg40RX7zZd40L+hIDReImJjpzF6B7GvZIK4lhRF1F0RaJW9zi4IwT1FWOJFuup1XftroA14d/nJoCRgA==",
      "license": "ISC"
    },
    "node_modules/typescript": {
      "version": "5.2.2",
      "resolved": "https://registry.npmjs.org/typescript/-/typescript-5.2.2.tgz",
      "integrity": "sha512-mI4WrpHsbCIcwT9cF4FZvr80QUeKvsUsUvKDoR+X/7XHQH98xYD8YHZg7ANtz2GtZt/CBq2QJ0thkGJMHfqc1w==",
      "dev": true,
      "bin": {
        "tsc": "bin/tsc",
        "tsserver": "bin/tsserver"
      },
      "engines": {
        "node": ">=14.17"
      }
    }
  },
  "dependencies": {
    "array-buffer-stream": {
      "version": "file:..\\array-buffer-stream\\array-buffer-stream-0.1.0-a.tgz",
      "integrity": "sha512-rDIqcgVg40RX7zZd40L+hIDReImJjpzF6B7GvZIK4lhRF1F0RaJW9zi4IwT1FWOJFuup1XftroA14d/nJoCRgA=="
    },
    "typescript": {
      "version": "5.2.2",
      "resolved": "https://registry.npmjs.org/typescript/-/typescript-5.2.2.tgz",
      "integrity": "sha512-mI4WrpHsbCIcwT9cF4FZvr80QUeKvsUsUvKDoR+X/7XHQH98xYD8YHZg7ANtz2GtZt/CBq2QJ0thkGJMHfqc1w==",
      "dev": true
    }
  }
}
