{
  "name": "flp-file",
  "version": "0.3.0-d",
  "lockfileVersion": 2,
  "requires": true,
  "packages": {
    "": {
      "name": "flp-file",
      "version": "0.3.0-d",
      "license": "ISC",
      "dependencies": {
        "@holzchopf/array-buffer-stream": "^1.0.1"
      },
      "devDependencies": {
        "typescript": "^5.2.2"
      }
    },
    "node_modules/@holzchopf/array-buffer-stream": {
      "version": "1.0.1",
      "resolved": "https://registry.npmjs.org/@holzchopf/array-buffer-stream/-/array-buffer-stream-1.0.1.tgz",
      "integrity": "sha512-MSWrqMAVXMSGRClW4vcUWe4CxRcbrKuzqWdFraWq+HkJu2VbdX3w7duQc3GItAcbw/gPume7VnlXEnWMSBEd7A=="
    },
    "node_modules/typescript": {
      "version": "5.2.2",
      "resolved": "https://registry.npmjs.org/typescript/-/typescript-5.2.2.tgz",
      "integrity": "sha512-mI4WrpHsbCIcwT9cF4FZvr80QUeKvsUsUvKDoR+X/7XHQH98xYD8YHZg7ANtz2GtZt/CBq2QJ0thkGJMHfqc1w==",
      "dev": true,
      "bin": {
        "tsc": "bin/tsc",
        "tsserver": "bin/tsserver"
      },
      "engines": {
        "node": ">=14.17"
      }
    }
  },
  "dependencies": {
    "@holzchopf/array-buffer-stream": {
      "version": "1.0.1",
      "resolved": "https://registry.npmjs.org/@holzchopf/array-buffer-stream/-/array-buffer-stream-1.0.1.tgz",
      "integrity": "sha512-MSWrqMAVXMSGRClW4vcUWe4CxRcbrKuzqWdFraWq+HkJu2VbdX3w7duQc3GItAcbw/gPume7VnlXEnWMSBEd7A=="
    },
    "typescript": {
      "version": "5.2.2",
      "resolved": "https://registry.npmjs.org/typescript/-/typescript-5.2.2.tgz",
      "integrity": "sha512-mI4WrpHsbCIcwT9cF4FZvr80QUeKvsUsUvKDoR+X/7XHQH98xYD8YHZg7ANtz2GtZt/CBq2QJ0thkGJMHfqc1w==",
      "dev": true
    }
  }
}
